{
  "requires": true,
  "lockfileVersion": 1,
  "dependencies": {
    "@types/es6-shim": {
      "version": "0.31.40",
      "resolved": "https://registry.npmjs.org/@types/es6-shim/-/es6-shim-0.31.40.tgz",
      "integrity": "sha512-biQI9Rm+vNEZM+0r/OUEfN87eBC8y45mUGuI3yOpMaTFpn6MIedJrKhle9lQPrVnuDtswqN65lxujS+kuMMWDQ=="
    }
  }
}
